
Microsoft Visual Studio Solution File, Format Version 12.00
# Visual Studio Version 17
VisualStudioVersion = 17.5.33516.290
MinimumVisualStudioVersion = 10.0.40219.1
Project("{FAE04EC0-301F-11D3-BF4B-00C04F79EFBC}") = "game", "game\game.csproj", "{16A58AD3-61F1-48DA-8D84-71ADC38EF796}"
EndProject
Global
	GlobalSection(SolutionConfigurationPlatforms) = preSolution
		Debug|Any CPU = Debug|Any CPU
		Release|Any CPU = Release|Any CPU
	EndGlobalSection
	GlobalSection(ProjectConfigurationPlatforms) = postSolution
		{16A58AD3-61F1-48DA-8D84-71ADC38EF796}.Debug|Any CPU.ActiveCfg = Debug|Any CPU
		{16A58AD3-61F1-48DA-8D84-71ADC38EF796}.Debug|Any CPU.Build.0 = Debug|Any CPU
		{16A58AD3-61F1-48DA-8D84-71ADC38EF796}.Release|Any CPU.ActiveCfg = Release|Any CPU
		{16A58AD3-61F1-48DA-8D84-71ADC38EF796}.Release|Any CPU.Build.0 = Release|Any CPU
	EndGlobalSection
	GlobalSection(SolutionProperties) = preSolution
		HideSolutionNode = FALSE
	EndGlobalSection
	GlobalSection(ExtensibilityGlobals) = postSolution
		SolutionGuid = {B5E7AE80-98BB-4DA4-9C87-D96C8B3E6972}
	EndGlobalSection
EndGlobal
